
Microsoft Visual Studio Solution File, Format Version 12.00
# Visual Studio Version 17
VisualStudioVersion = 17.4.33213.308
MinimumVisualStudioVersion = 10.0.40219.1
Project("{8BC9CEB8-8B4A-11D0-8D11-00A0C91BC942}") = "Form4", "Form4\Form4.vcxproj", "{E22EE15D-A64B-47BA-AE30-DB581587A4B8}"
EndProject
Global
	GlobalSection(SolutionConfigurationPlatforms) = preSolution
		Debug|x64 = Debug|x64
		Debug|x86 = Debug|x86
		Release|x64 = Release|x64
		Release|x86 = Release|x86
	EndGlobalSection
	GlobalSection(ProjectConfigurationPlatforms) = postSolution
		{E22EE15D-A64B-47BA-AE30-DB581587A4B8}.Debug|x64.ActiveCfg = Debug|x64
		{E22EE15D-A64B-47BA-AE30-DB581587A4B8}.Debug|x64.Build.0 = Debug|x64
		{E22EE15D-A64B-47BA-AE30-DB581587A4B8}.Debug|x86.ActiveCfg = Debug|Win32
		{E22EE15D-A64B-47BA-AE30-DB581587A4B8}.Debug|x86.Build.0 = Debug|Win32
		{E22EE15D-A64B-47BA-AE30-DB581587A4B8}.Release|x64.ActiveCfg = Release|x64
		{E22EE15D-A64B-47BA-AE30-DB581587A4B8}.Release|x64.Build.0 = Release|x64
		{E22EE15D-A64B-47BA-AE30-DB581587A4B8}.Release|x86.ActiveCfg = Release|Win32
		{E22EE15D-A64B-47BA-AE30-DB581587A4B8}.Release|x86.Build.0 = Release|Win32
	EndGlobalSection
	GlobalSection(SolutionProperties) = preSolution
		HideSolutionNode = FALSE
	EndGlobalSection
	GlobalSection(ExtensibilityGlobals) = postSolution
		SolutionGuid = {EDF8E672-5307-4969-93CC-D1D72D937F49}
	EndGlobalSection
EndGlobal
